
Microsoft Visual Studio Solution File, Format Version 12.00
# Visual Studio Version 16
VisualStudioVersion = 16.0.30523.141
MinimumVisualStudioVersion = 10.0.40219.1
Project("{8BC9CEB8-8B4A-11D0-8D11-00A0C91BC942}") = "LB_Queue", "LB_Queue\LB_Queue.vcxproj", "{324E0FB4-9A61-4541-8968-250F5FD5D0AB}"
EndProject
Global
	GlobalSection(SolutionConfigurationPlatforms) = preSolution
		Debug|x64 = Debug|x64
		Debug|x86 = Debug|x86
		Release|x64 = Release|x64
		Release|x86 = Release|x86
	EndGlobalSection
	GlobalSection(ProjectConfigurationPlatforms) = postSolution
		{324E0FB4-9A61-4541-8968-250F5FD5D0AB}.Debug|x64.ActiveCfg = Debug|x64
		{324E0FB4-9A61-4541-8968-250F5FD5D0AB}.Debug|x64.Build.0 = Debug|x64
		{324E0FB4-9A61-4541-8968-250F5FD5D0AB}.Debug|x86.ActiveCfg = Debug|Win32
		{324E0FB4-9A61-4541-8968-250F5FD5D0AB}.Debug|x86.Build.0 = Debug|Win32
		{324E0FB4-9A61-4541-8968-250F5FD5D0AB}.Release|x64.ActiveCfg = Release|x64
		{324E0FB4-9A61-4541-8968-250F5FD5D0AB}.Release|x64.Build.0 = Release|x64
		{324E0FB4-9A61-4541-8968-250F5FD5D0AB}.Release|x86.ActiveCfg = Release|Win32
		{324E0FB4-9A61-4541-8968-250F5FD5D0AB}.Release|x86.Build.0 = Release|Win32
	EndGlobalSection
	GlobalSection(SolutionProperties) = preSolution
		HideSolutionNode = FALSE
	EndGlobalSection
	GlobalSection(ExtensibilityGlobals) = postSolution
		SolutionGuid = {1C275855-1661-4A24-9908-C4B37818CB2C}
	EndGlobalSection
EndGlobal
