
Microsoft Visual Studio Solution File, Format Version 12.00
# Visual Studio Version 17
VisualStudioVersion = 17.0.32112.339
MinimumVisualStudioVersion = 10.0.40219.1
Project("{8BC9CEB8-8B4A-11D0-8D11-00A0C91BC942}") = "stats", "stats\stats.vcxproj", "{6DBDAC4D-4830-4E39-8D06-A7EFD10C12AB}"
EndProject
Global
	GlobalSection(SolutionConfigurationPlatforms) = preSolution
		Debug|x64 = Debug|x64
		Debug|x86 = Debug|x86
		Release|x64 = Release|x64
		Release|x86 = Release|x86
	EndGlobalSection
	GlobalSection(ProjectConfigurationPlatforms) = postSolution
		{6DBDAC4D-4830-4E39-8D06-A7EFD10C12AB}.Debug|x64.ActiveCfg = Debug|x64
		{6DBDAC4D-4830-4E39-8D06-A7EFD10C12AB}.Debug|x64.Build.0 = Debug|x64
		{6DBDAC4D-4830-4E39-8D06-A7EFD10C12AB}.Debug|x86.ActiveCfg = Debug|Win32
		{6DBDAC4D-4830-4E39-8D06-A7EFD10C12AB}.Debug|x86.Build.0 = Debug|Win32
		{6DBDAC4D-4830-4E39-8D06-A7EFD10C12AB}.Release|x64.ActiveCfg = Release|x64
		{6DBDAC4D-4830-4E39-8D06-A7EFD10C12AB}.Release|x64.Build.0 = Release|x64
		{6DBDAC4D-4830-4E39-8D06-A7EFD10C12AB}.Release|x86.ActiveCfg = Release|Win32
		{6DBDAC4D-4830-4E39-8D06-A7EFD10C12AB}.Release|x86.Build.0 = Release|Win32
	EndGlobalSection
	GlobalSection(SolutionProperties) = preSolution
		HideSolutionNode = FALSE
	EndGlobalSection
	GlobalSection(ExtensibilityGlobals) = postSolution
		SolutionGuid = {90CBB767-656E-462C-8067-D56F2468A541}
	EndGlobalSection
EndGlobal
